
Microsoft Visual Studio Solution File, Format Version 12.00
# Visual Studio Version 17
VisualStudioVersion = 17.3.32922.545
MinimumVisualStudioVersion = 10.0.40219.1
Project("{FAE04EC0-301F-11D3-BF4B-00C04F79EFBC}") = "Business", "Business\Business.csproj", "{C1C041C1-B603-4857-9409-FD0C0312E2C3}"
EndProject
Project("{FAE04EC0-301F-11D3-BF4B-00C04F79EFBC}") = "Core", "Core\Core.csproj", "{1CF141F5-2E35-4902-8B87-1206208BD249}"
EndProject
Project("{FAE04EC0-301F-11D3-BF4B-00C04F79EFBC}") = "DataAccess", "DataAccess\DataAccess.csproj", "{910F4FD3-1DC4-4F99-BF18-B42F81B234B0}"
EndProject
Project("{FAE04EC0-301F-11D3-BF4B-00C04F79EFBC}") = "Entities", "Entities\Entities.csproj", "{80BD3B15-6472-4D7D-88EB-CA63BB8F7510}"
EndProject
Project("{FAE04EC0-301F-11D3-BF4B-00C04F79EFBC}") = "WebApi", "WebApi\WebApi.csproj", "{2237D8D5-B989-456B-B20C-6E46231189F2}"
EndProject
Global
	GlobalSection(SolutionConfigurationPlatforms) = preSolution
		Debug|Any CPU = Debug|Any CPU
		Release|Any CPU = Release|Any CPU
	EndGlobalSection
	GlobalSection(ProjectConfigurationPlatforms) = postSolution
		{C1C041C1-B603-4857-9409-FD0C0312E2C3}.Debug|Any CPU.ActiveCfg = Debug|Any CPU
		{C1C041C1-B603-4857-9409-FD0C0312E2C3}.Debug|Any CPU.Build.0 = Debug|Any CPU
		{C1C041C1-B603-4857-9409-FD0C0312E2C3}.Release|Any CPU.ActiveCfg = Release|Any CPU
		{C1C041C1-B603-4857-9409-FD0C0312E2C3}.Release|Any CPU.Build.0 = Release|Any CPU
		{1CF141F5-2E35-4902-8B87-1206208BD249}.Debug|Any CPU.ActiveCfg = Debug|Any CPU
		{1CF141F5-2E35-4902-8B87-1206208BD249}.Debug|Any CPU.Build.0 = Debug|Any CPU
		{1CF141F5-2E35-4902-8B87-1206208BD249}.Release|Any CPU.ActiveCfg = Release|Any CPU
		{1CF141F5-2E35-4902-8B87-1206208BD249}.Release|Any CPU.Build.0 = Release|Any CPU
		{910F4FD3-1DC4-4F99-BF18-B42F81B234B0}.Debug|Any CPU.ActiveCfg = Debug|Any CPU
		{910F4FD3-1DC4-4F99-BF18-B42F81B234B0}.Debug|Any CPU.Build.0 = Debug|Any CPU
		{910F4FD3-1DC4-4F99-BF18-B42F81B234B0}.Release|Any CPU.ActiveCfg = Release|Any CPU
		{910F4FD3-1DC4-4F99-BF18-B42F81B234B0}.Release|Any CPU.Build.0 = Release|Any CPU
		{80BD3B15-6472-4D7D-88EB-CA63BB8F7510}.Debug|Any CPU.ActiveCfg = Debug|Any CPU
		{80BD3B15-6472-4D7D-88EB-CA63BB8F7510}.Debug|Any CPU.Build.0 = Debug|Any CPU
		{80BD3B15-6472-4D7D-88EB-CA63BB8F7510}.Release|Any CPU.ActiveCfg = Release|Any CPU
		{80BD3B15-6472-4D7D-88EB-CA63BB8F7510}.Release|Any CPU.Build.0 = Release|Any CPU
		{2237D8D5-B989-456B-B20C-6E46231189F2}.Debug|Any CPU.ActiveCfg = Debug|Any CPU
		{2237D8D5-B989-456B-B20C-6E46231189F2}.Debug|Any CPU.Build.0 = Debug|Any CPU
		{2237D8D5-B989-456B-B20C-6E46231189F2}.Release|Any CPU.ActiveCfg = Release|Any CPU
		{2237D8D5-B989-456B-B20C-6E46231189F2}.Release|Any CPU.Build.0 = Release|Any CPU
	EndGlobalSection
	GlobalSection(SolutionProperties) = preSolution
		HideSolutionNode = FALSE
	EndGlobalSection
	GlobalSection(ExtensibilityGlobals) = postSolution
		SolutionGuid = {59CF6126-BE99-4F09-8977-F6E7ABFC32F7}
	EndGlobalSection
EndGlobal
